
Microsoft Visual Studio Solution File, Format Version 12.00
# Visual Studio Version 16
VisualStudioVersion = 16.0.29519.87
MinimumVisualStudioVersion = 10.0.40219.1
Project("{9A19103F-16F7-4668-BE54-9A1E7A4F7556}") = "AspNetCorePropertyPro.Api", "AspNetCorePropertyPro.Api\AspNetCorePropertyPro.Api.csproj", "{64CFADA4-59DB-4942-BCB0-AF6CD33F92EE}"
EndProject
Project("{9A19103F-16F7-4668-BE54-9A1E7A4F7556}") = "AspNetCorePropertyPro.Data", "AspNetCorePropertyPro.Data\AspNetCorePropertyPro.Data.csproj", "{4E1069EE-63E4-41EA-B7E6-9589DEB51DB8}"
EndProject
Project("{9A19103F-16F7-4668-BE54-9A1E7A4F7556}") = "AspNetCorePropertyPro.Core", "AspNetCorePropertyPro.Core\AspNetCorePropertyPro.Core.csproj", "{645AAD31-7974-47B6-B62E-C1DC35F7F17B}"
EndProject
Project("{9A19103F-16F7-4668-BE54-9A1E7A4F7556}") = "AspNetCorePropertyPro.Services", "AspNetCorePropertyPro.Services\AspNetCorePropertyPro.Services.csproj", "{583B4C10-C914-4F3D-9338-61C4962DF998}"
EndProject
Project("{9A19103F-16F7-4668-BE54-9A1E7A4F7556}") = "AspNetCorePropertyPro.Tests", "AspNetCorePropertyPro.Tests\AspNetCorePropertyPro.Tests.csproj", "{9117595F-110E-4DB2-B034-895D35B79658}"
EndProject
Project("{FAE04EC0-301F-11D3-BF4B-00C04F79EFBC}") = "AspNetCorePropertyPro.Configuration", "AspNetCorePropertyPro.Configuration\AspNetCorePropertyPro.Configuration.csproj", "{1E05FA94-5AF1-4C6A-B73C-5334FA82A580}"
EndProject
Global
	GlobalSection(SolutionConfigurationPlatforms) = preSolution
		Debug|Any CPU = Debug|Any CPU
		Release|Any CPU = Release|Any CPU
	EndGlobalSection
	GlobalSection(ProjectConfigurationPlatforms) = postSolution
		{64CFADA4-59DB-4942-BCB0-AF6CD33F92EE}.Debug|Any CPU.ActiveCfg = Debug|Any CPU
		{64CFADA4-59DB-4942-BCB0-AF6CD33F92EE}.Debug|Any CPU.Build.0 = Debug|Any CPU
		{64CFADA4-59DB-4942-BCB0-AF6CD33F92EE}.Release|Any CPU.ActiveCfg = Release|Any CPU
		{64CFADA4-59DB-4942-BCB0-AF6CD33F92EE}.Release|Any CPU.Build.0 = Release|Any CPU
		{4E1069EE-63E4-41EA-B7E6-9589DEB51DB8}.Debug|Any CPU.ActiveCfg = Debug|Any CPU
		{4E1069EE-63E4-41EA-B7E6-9589DEB51DB8}.Debug|Any CPU.Build.0 = Debug|Any CPU
		{4E1069EE-63E4-41EA-B7E6-9589DEB51DB8}.Release|Any CPU.ActiveCfg = Release|Any CPU
		{4E1069EE-63E4-41EA-B7E6-9589DEB51DB8}.Release|Any CPU.Build.0 = Release|Any CPU
		{645AAD31-7974-47B6-B62E-C1DC35F7F17B}.Debug|Any CPU.ActiveCfg = Debug|Any CPU
		{645AAD31-7974-47B6-B62E-C1DC35F7F17B}.Debug|Any CPU.Build.0 = Debug|Any CPU
		{645AAD31-7974-47B6-B62E-C1DC35F7F17B}.Release|Any CPU.ActiveCfg = Release|Any CPU
		{645AAD31-7974-47B6-B62E-C1DC35F7F17B}.Release|Any CPU.Build.0 = Release|Any CPU
		{583B4C10-C914-4F3D-9338-61C4962DF998}.Debug|Any CPU.ActiveCfg = Debug|Any CPU
		{583B4C10-C914-4F3D-9338-61C4962DF998}.Debug|Any CPU.Build.0 = Debug|Any CPU
		{583B4C10-C914-4F3D-9338-61C4962DF998}.Release|Any CPU.ActiveCfg = Release|Any CPU
		{583B4C10-C914-4F3D-9338-61C4962DF998}.Release|Any CPU.Build.0 = Release|Any CPU
		{9117595F-110E-4DB2-B034-895D35B79658}.Debug|Any CPU.ActiveCfg = Debug|Any CPU
		{9117595F-110E-4DB2-B034-895D35B79658}.Debug|Any CPU.Build.0 = Debug|Any CPU
		{9117595F-110E-4DB2-B034-895D35B79658}.Release|Any CPU.ActiveCfg = Release|Any CPU
		{9117595F-110E-4DB2-B034-895D35B79658}.Release|Any CPU.Build.0 = Release|Any CPU
		{1E05FA94-5AF1-4C6A-B73C-5334FA82A580}.Debug|Any CPU.ActiveCfg = Debug|Any CPU
		{1E05FA94-5AF1-4C6A-B73C-5334FA82A580}.Debug|Any CPU.Build.0 = Debug|Any CPU
		{1E05FA94-5AF1-4C6A-B73C-5334FA82A580}.Release|Any CPU.ActiveCfg = Release|Any CPU
		{1E05FA94-5AF1-4C6A-B73C-5334FA82A580}.Release|Any CPU.Build.0 = Release|Any CPU
	EndGlobalSection
	GlobalSection(SolutionProperties) = preSolution
		HideSolutionNode = FALSE
	EndGlobalSection
	GlobalSection(ExtensibilityGlobals) = postSolution
		SolutionGuid = {96D1C56E-0C86-4090-BE10-B5F6192D6752}
	EndGlobalSection
EndGlobal
